
Microsoft Visual Studio Solution File, Format Version 12.00
# Visual Studio Version 17
VisualStudioVersion = 17.5.002.0
MinimumVisualStudioVersion = 10.0.40219.1
Project("{9A19103F-16F7-4668-BE54-9A1E7A4F7556}") = "Exo.WebApi", "Exo.WebApi.csproj", "{820289E7-74B2-492C-8185-A8828E05BE6F}"
EndProject
Global
	GlobalSection(SolutionConfigurationPlatforms) = preSolution
		Debug|Any CPU = Debug|Any CPU
		Release|Any CPU = Release|Any CPU
	EndGlobalSection
	GlobalSection(ProjectConfigurationPlatforms) = postSolution
		{820289E7-74B2-492C-8185-A8828E05BE6F}.Debug|Any CPU.ActiveCfg = Debug|Any CPU
		{820289E7-74B2-492C-8185-A8828E05BE6F}.Debug|Any CPU.Build.0 = Debug|Any CPU
		{820289E7-74B2-492C-8185-A8828E05BE6F}.Release|Any CPU.ActiveCfg = Release|Any CPU
		{820289E7-74B2-492C-8185-A8828E05BE6F}.Release|Any CPU.Build.0 = Release|Any CPU
	EndGlobalSection
	GlobalSection(SolutionProperties) = preSolution
		HideSolutionNode = FALSE
	EndGlobalSection
	GlobalSection(ExtensibilityGlobals) = postSolution
		SolutionGuid = {9D4EC9D3-7894-45F1-8731-113100CE1A0B}
	EndGlobalSection
EndGlobal
